
Microsoft Visual Studio Solution File, Format Version 12.00
Project("{FAE04EC0-301F-11D3-BF4B-00C04F79EFBC}") = "SoundFlow", "Src/SoundFlow.csproj", "{D4326C2E-CDB3-47D4-8116-BB3872E81323}"
EndProject
Project("{2150E333-8FDC-42A3-9474-1A3956D46DE8}") = "Src", "Src", "{7841F9AA-861F-4684-8DEC-2828FB3AE048}"
EndProject
Project("{2150E333-8FDC-42A3-9474-1A3956D46DE8}") = "Samples", "Samples", "{BE06375D-0A93-4916-A551-9875089314CC}"
EndProject
Project("{FAE04EC0-301F-11D3-BF4B-00C04F79EFBC}") = "SoundFlow.Samples.SimplePlayer", "Samples\SoundFlow.Samples.SimplePlayer\SoundFlow.Samples.SimplePlayer.csproj", "{11313B38-7DB4-49D9-8828-082CD93412ED}"
EndProject
Project("{FAE04EC0-301F-11D3-BF4B-00C04F79EFBC}") = "SoundFlow.Samples.SwitchDevices", "Samples\SoundFlow.Samples.SwitchDevices\SoundFlow.Samples.SwitchDevices.csproj", "{46559898-2133-42CD-BE0A-B5FA9A31E737}"
EndProject
Project("{2150E333-8FDC-42A3-9474-1A3956D46DE8}") = "Extensions", "Extensions", "{E17494BE-7B68-48EF-8541-0E0C213FAE40}"
EndProject
Project("{FAE04EC0-301F-11D3-BF4B-00C04F79EFBC}") = "SoundFlow.Extensions.WebRtc.Apm", "Extensions\SoundFlow.Extensions.WebRtc.Apm\SoundFlow.Extensions.WebRtc.Apm.csproj", "{961D254C-F8F7-4FD4-A2D3-D3F7821BC768}"
EndProject
Project("{FAE04EC0-301F-11D3-BF4B-00C04F79EFBC}") = "SoundFlow.Samples.NoiseSuppression", "Samples\SoundFlow.Samples.NoiseSuppression\SoundFlow.Samples.NoiseSuppression.csproj", "{F8A2EFA3-A7ED-4EF3-B086-D8385F383EED}"
EndProject
Global
	GlobalSection(SolutionConfigurationPlatforms) = preSolution
		Debug|Any CPU = Debug|Any CPU
		Release|Any CPU = Release|Any CPU
	EndGlobalSection
	GlobalSection(ProjectConfigurationPlatforms) = postSolution
		{D4326C2E-CDB3-47D4-8116-BB3872E81323}.Debug|Any CPU.ActiveCfg = Debug|Any CPU
		{D4326C2E-CDB3-47D4-8116-BB3872E81323}.Debug|Any CPU.Build.0 = Debug|Any CPU
		{D4326C2E-CDB3-47D4-8116-BB3872E81323}.Release|Any CPU.ActiveCfg = Release|Any CPU
		{D4326C2E-CDB3-47D4-8116-BB3872E81323}.Release|Any CPU.Build.0 = Release|Any CPU
		{11313B38-7DB4-49D9-8828-082CD93412ED}.Debug|Any CPU.ActiveCfg = Debug|Any CPU
		{11313B38-7DB4-49D9-8828-082CD93412ED}.Debug|Any CPU.Build.0 = Debug|Any CPU
		{11313B38-7DB4-49D9-8828-082CD93412ED}.Release|Any CPU.ActiveCfg = Release|Any CPU
		{11313B38-7DB4-49D9-8828-082CD93412ED}.Release|Any CPU.Build.0 = Release|Any CPU
		{46559898-2133-42CD-BE0A-B5FA9A31E737}.Debug|Any CPU.ActiveCfg = Debug|Any CPU
		{46559898-2133-42CD-BE0A-B5FA9A31E737}.Debug|Any CPU.Build.0 = Debug|Any CPU
		{46559898-2133-42CD-BE0A-B5FA9A31E737}.Release|Any CPU.ActiveCfg = Release|Any CPU
		{46559898-2133-42CD-BE0A-B5FA9A31E737}.Release|Any CPU.Build.0 = Release|Any CPU
		{961D254C-F8F7-4FD4-A2D3-D3F7821BC768}.Debug|Any CPU.ActiveCfg = Debug|Any CPU
		{961D254C-F8F7-4FD4-A2D3-D3F7821BC768}.Debug|Any CPU.Build.0 = Debug|Any CPU
		{961D254C-F8F7-4FD4-A2D3-D3F7821BC768}.Release|Any CPU.ActiveCfg = Release|Any CPU
		{961D254C-F8F7-4FD4-A2D3-D3F7821BC768}.Release|Any CPU.Build.0 = Release|Any CPU
		{F8A2EFA3-A7ED-4EF3-B086-D8385F383EED}.Debug|Any CPU.ActiveCfg = Debug|Any CPU
		{F8A2EFA3-A7ED-4EF3-B086-D8385F383EED}.Debug|Any CPU.Build.0 = Debug|Any CPU
		{F8A2EFA3-A7ED-4EF3-B086-D8385F383EED}.Release|Any CPU.ActiveCfg = Release|Any CPU
		{F8A2EFA3-A7ED-4EF3-B086-D8385F383EED}.Release|Any CPU.Build.0 = Release|Any CPU
	EndGlobalSection
	GlobalSection(NestedProjects) = preSolution
		{D4326C2E-CDB3-47D4-8116-BB3872E81323} = {7841F9AA-861F-4684-8DEC-2828FB3AE048}
		{11313B38-7DB4-49D9-8828-082CD93412ED} = {BE06375D-0A93-4916-A551-9875089314CC}
		{46559898-2133-42CD-BE0A-B5FA9A31E737} = {BE06375D-0A93-4916-A551-9875089314CC}
		{961D254C-F8F7-4FD4-A2D3-D3F7821BC768} = {E17494BE-7B68-48EF-8541-0E0C213FAE40}
		{F8A2EFA3-A7ED-4EF3-B086-D8385F383EED} = {BE06375D-0A93-4916-A551-9875089314CC}
	EndGlobalSection
EndGlobal
