
Microsoft Visual Studio Solution File, Format Version 12.00
# Visual Studio Version 17
VisualStudioVersion = 17.14.36203.30 d17.14
MinimumVisualStudioVersion = 10.0.40219.1
Project("{2150E333-8FDC-42A3-9474-1A3956D46DE8}") = "SoundFlow", "SoundFlow", "{02EA681E-C7D8-13C7-8484-4AC65E1B71E8}"
EndProject
Project("{2150E333-8FDC-42A3-9474-1A3956D46DE8}") = "Extensions", "Extensions", "{AE18859B-BB72-4CF3-A588-BF3FE3C1223B}"
EndProject
Project("{FAE04EC0-301F-11D3-BF4B-00C04F79EFBC}") = "SoundFlow.Extensions.WebRtc.Apm", "SoundFlow.Extensions.WebRtc.Apm\SoundFlow.Extensions.WebRtc.Apm.csproj", "{E68B650C-B5A9-D268-15B8-20CE97CAD43C}"
EndProject
Project("{FAE04EC0-301F-11D3-BF4B-00C04F79EFBC}") = "SoundFlow", "SoundFlow\SoundFlow.csproj", "{A2906BCB-9886-91C0-21D4-40CFEB737890}"
EndProject
Global
	GlobalSection(SolutionConfigurationPlatforms) = preSolution
		Debug|Any CPU = Debug|Any CPU
		Release|Any CPU = Release|Any CPU
	EndGlobalSection
	GlobalSection(ProjectConfigurationPlatforms) = postSolution
		{E68B650C-B5A9-D268-15B8-20CE97CAD43C}.Debug|Any CPU.ActiveCfg = Debug|Any CPU
		{E68B650C-B5A9-D268-15B8-20CE97CAD43C}.Debug|Any CPU.Build.0 = Debug|Any CPU
		{E68B650C-B5A9-D268-15B8-20CE97CAD43C}.Release|Any CPU.ActiveCfg = Release|Any CPU
		{E68B650C-B5A9-D268-15B8-20CE97CAD43C}.Release|Any CPU.Build.0 = Release|Any CPU
		{A2906BCB-9886-91C0-21D4-40CFEB737890}.Debug|Any CPU.ActiveCfg = Debug|Any CPU
		{A2906BCB-9886-91C0-21D4-40CFEB737890}.Debug|Any CPU.Build.0 = Debug|Any CPU
		{A2906BCB-9886-91C0-21D4-40CFEB737890}.Release|Any CPU.ActiveCfg = Release|Any CPU
		{A2906BCB-9886-91C0-21D4-40CFEB737890}.Release|Any CPU.Build.0 = Release|Any CPU
	EndGlobalSection
	GlobalSection(SolutionProperties) = preSolution
		HideSolutionNode = FALSE
	EndGlobalSection
	GlobalSection(NestedProjects) = preSolution
		{E68B650C-B5A9-D268-15B8-20CE97CAD43C} = {AE18859B-BB72-4CF3-A588-BF3FE3C1223B}
		{A2906BCB-9886-91C0-21D4-40CFEB737890} = {02EA681E-C7D8-13C7-8484-4AC65E1B71E8}
	EndGlobalSection
	GlobalSection(ExtensibilityGlobals) = postSolution
		SolutionGuid = {F4D8D624-CA27-440E-91F6-5CF32F1913F7}
	EndGlobalSection
EndGlobal
